
Microsoft Visual Studio Solution File, Format Version 12.00
# Visual Studio 2013
VisualStudioVersion = 12.0.31101.0
MinimumVisualStudioVersion = 10.0.40219.1
Project("{FAE04EC0-301F-11D3-BF4B-00C04F79EFBC}") = "AdvancedDataStructures", "AdvancedDataStructures\AdvancedDataStructures.csproj", "{E65E6E1C-2DF8-4A32-9697-C09399B7725D}"
EndProject
Project("{FAE04EC0-301F-11D3-BF4B-00C04F79EFBC}") = "Tests", "Tests\Tests.csproj", "{FE541585-5C3F-4C75-A3A3-F5216E2CFC40}"
EndProject
Global
	GlobalSection(SolutionConfigurationPlatforms) = preSolution
		Debug|Any CPU = Debug|Any CPU
		Release|Any CPU = Release|Any CPU
	EndGlobalSection
	GlobalSection(ProjectConfigurationPlatforms) = postSolution
		{E65E6E1C-2DF8-4A32-9697-C09399B7725D}.Debug|Any CPU.ActiveCfg = Debug|Any CPU
		{E65E6E1C-2DF8-4A32-9697-C09399B7725D}.Debug|Any CPU.Build.0 = Debug|Any CPU
		{E65E6E1C-2DF8-4A32-9697-C09399B7725D}.Release|Any CPU.ActiveCfg = Release|Any CPU
		{E65E6E1C-2DF8-4A32-9697-C09399B7725D}.Release|Any CPU.Build.0 = Release|Any CPU
		{FE541585-5C3F-4C75-A3A3-F5216E2CFC40}.Debug|Any CPU.ActiveCfg = Debug|Any CPU
		{FE541585-5C3F-4C75-A3A3-F5216E2CFC40}.Debug|Any CPU.Build.0 = Debug|Any CPU
		{FE541585-5C3F-4C75-A3A3-F5216E2CFC40}.Release|Any CPU.ActiveCfg = Release|Any CPU
		{FE541585-5C3F-4C75-A3A3-F5216E2CFC40}.Release|Any CPU.Build.0 = Release|Any CPU
	EndGlobalSection
	GlobalSection(SolutionProperties) = preSolution
		HideSolutionNode = FALSE
	EndGlobalSection
EndGlobal
